
Microsoft Visual Studio Solution File, Format Version 12.00
# Visual Studio 15
VisualStudioVersion = 15.0.28010.0
MinimumVisualStudioVersion = 10.0.40219.1
Project("{FAE04EC0-301F-11D3-BF4B-00C04F79EFBC}") = "FinalCapstoneGCCD", "FinalCapstoneGCCD\FinalCapstoneGCCD.csproj", "{5BDDDACA-92AB-422D-91B7-F41B541DAF9E}"
EndProject
Project("{FAE04EC0-301F-11D3-BF4B-00C04F79EFBC}") = "FinalCapstoneGCCD.Domain", "FinalCapstoneGCCD.Domain\FinalCapstoneGCCD.Domain.csproj", "{64AF2E78-1DB5-4A05-9F8D-026621C26F72}"
EndProject
Project("{FAE04EC0-301F-11D3-BF4B-00C04F79EFBC}") = "FinalCapstoneGCCD.Data", "FinalCapstoneGCCD.Data\FinalCapstoneGCCD.Data.csproj", "{F3A1B3D1-2E55-4555-80A0-BB4F78886269}"
EndProject
Project("{2150E333-8FDC-42A3-9474-1A3956D46DE8}") = "API", "API", "{F0685B4D-3D70-49B0-8BB1-F5DEB21BBD64}"
EndProject
Project("{2150E333-8FDC-42A3-9474-1A3956D46DE8}") = "Presentation", "Presentation", "{B50C237D-09BE-4ED3-B594-3249C9EF8E1D}"
EndProject
Project("{FAE04EC0-301F-11D3-BF4B-00C04F79EFBC}") = "FinalCapstoneGCCD.Presentation", "FinalCapstoneGCCD.Presentation\FinalCapstoneGCCD.Presentation.csproj", "{23E62492-55C4-48FC-8CD9-3F6851293589}"
EndProject
Project("{FAE04EC0-301F-11D3-BF4B-00C04F79EFBC}") = "FinalCapstoneGCCD.Presentation.Domain", "FinalCapstoneGCCD.Presentation.Domain\FinalCapstoneGCCD.Presentation.Domain.csproj", "{1CE01354-D749-4DCA-AA89-E438A7D41C0D}"
EndProject
Project("{FAE04EC0-301F-11D3-BF4B-00C04F79EFBC}") = "FinalCapstoneGCCD.Presentation.Data", "FinalCapstoneGCCD.Presentation.Data\FinalCapstoneGCCD.Presentation.Data.csproj", "{2007192F-0DE3-474B-8C5F-3D0D35E175C6}"
EndProject
Global
	GlobalSection(SolutionConfigurationPlatforms) = preSolution
		Debug|Any CPU = Debug|Any CPU
		Release|Any CPU = Release|Any CPU
	EndGlobalSection
	GlobalSection(ProjectConfigurationPlatforms) = postSolution
		{5BDDDACA-92AB-422D-91B7-F41B541DAF9E}.Debug|Any CPU.ActiveCfg = Debug|Any CPU
		{5BDDDACA-92AB-422D-91B7-F41B541DAF9E}.Debug|Any CPU.Build.0 = Debug|Any CPU
		{5BDDDACA-92AB-422D-91B7-F41B541DAF9E}.Release|Any CPU.ActiveCfg = Release|Any CPU
		{5BDDDACA-92AB-422D-91B7-F41B541DAF9E}.Release|Any CPU.Build.0 = Release|Any CPU
		{64AF2E78-1DB5-4A05-9F8D-026621C26F72}.Debug|Any CPU.ActiveCfg = Debug|Any CPU
		{64AF2E78-1DB5-4A05-9F8D-026621C26F72}.Debug|Any CPU.Build.0 = Debug|Any CPU
		{64AF2E78-1DB5-4A05-9F8D-026621C26F72}.Release|Any CPU.ActiveCfg = Release|Any CPU
		{64AF2E78-1DB5-4A05-9F8D-026621C26F72}.Release|Any CPU.Build.0 = Release|Any CPU
		{F3A1B3D1-2E55-4555-80A0-BB4F78886269}.Debug|Any CPU.ActiveCfg = Debug|Any CPU
		{F3A1B3D1-2E55-4555-80A0-BB4F78886269}.Debug|Any CPU.Build.0 = Debug|Any CPU
		{F3A1B3D1-2E55-4555-80A0-BB4F78886269}.Release|Any CPU.ActiveCfg = Release|Any CPU
		{F3A1B3D1-2E55-4555-80A0-BB4F78886269}.Release|Any CPU.Build.0 = Release|Any CPU
		{23E62492-55C4-48FC-8CD9-3F6851293589}.Debug|Any CPU.ActiveCfg = Debug|Any CPU
		{23E62492-55C4-48FC-8CD9-3F6851293589}.Debug|Any CPU.Build.0 = Debug|Any CPU
		{23E62492-55C4-48FC-8CD9-3F6851293589}.Release|Any CPU.ActiveCfg = Release|Any CPU
		{23E62492-55C4-48FC-8CD9-3F6851293589}.Release|Any CPU.Build.0 = Release|Any CPU
		{1CE01354-D749-4DCA-AA89-E438A7D41C0D}.Debug|Any CPU.ActiveCfg = Debug|Any CPU
		{1CE01354-D749-4DCA-AA89-E438A7D41C0D}.Debug|Any CPU.Build.0 = Debug|Any CPU
		{1CE01354-D749-4DCA-AA89-E438A7D41C0D}.Release|Any CPU.ActiveCfg = Release|Any CPU
		{1CE01354-D749-4DCA-AA89-E438A7D41C0D}.Release|Any CPU.Build.0 = Release|Any CPU
		{2007192F-0DE3-474B-8C5F-3D0D35E175C6}.Debug|Any CPU.ActiveCfg = Debug|Any CPU
		{2007192F-0DE3-474B-8C5F-3D0D35E175C6}.Debug|Any CPU.Build.0 = Debug|Any CPU
		{2007192F-0DE3-474B-8C5F-3D0D35E175C6}.Release|Any CPU.ActiveCfg = Release|Any CPU
		{2007192F-0DE3-474B-8C5F-3D0D35E175C6}.Release|Any CPU.Build.0 = Release|Any CPU
	EndGlobalSection
	GlobalSection(SolutionProperties) = preSolution
		HideSolutionNode = FALSE
	EndGlobalSection
	GlobalSection(NestedProjects) = preSolution
		{5BDDDACA-92AB-422D-91B7-F41B541DAF9E} = {F0685B4D-3D70-49B0-8BB1-F5DEB21BBD64}
		{64AF2E78-1DB5-4A05-9F8D-026621C26F72} = {F0685B4D-3D70-49B0-8BB1-F5DEB21BBD64}
		{F3A1B3D1-2E55-4555-80A0-BB4F78886269} = {F0685B4D-3D70-49B0-8BB1-F5DEB21BBD64}
		{23E62492-55C4-48FC-8CD9-3F6851293589} = {B50C237D-09BE-4ED3-B594-3249C9EF8E1D}
		{1CE01354-D749-4DCA-AA89-E438A7D41C0D} = {B50C237D-09BE-4ED3-B594-3249C9EF8E1D}
		{2007192F-0DE3-474B-8C5F-3D0D35E175C6} = {B50C237D-09BE-4ED3-B594-3249C9EF8E1D}
	EndGlobalSection
	GlobalSection(ExtensibilityGlobals) = postSolution
		SolutionGuid = {B47F000B-1B20-4C81-94F5-E7663B244CC8}
	EndGlobalSection
EndGlobal
